
Microsoft Visual Studio Solution File, Format Version 12.00
Project("{FAE04EC0-301F-11D3-BF4B-00C04F79EFBC}") = "PrimitiveAdventure", "PrimitiveAdventure\PrimitiveAdventure.csproj", "{3E678C95-E490-4B0B-A77B-B417F0C5E84E}"
EndProject
Project("{FAE04EC0-301F-11D3-BF4B-00C04F79EFBC}") = "PrimitiveAdventure.SadConsole", "PrimitiveAdventure.SadConsole\PrimitiveAdventure.SadConsole.csproj", "{F62E76B0-6CF8-4C60-8221-1E69067EE5CD}"
EndProject
Global
	GlobalSection(SolutionConfigurationPlatforms) = preSolution
		Debug|Any CPU = Debug|Any CPU
		Release|Any CPU = Release|Any CPU
	EndGlobalSection
	GlobalSection(ProjectConfigurationPlatforms) = postSolution
		{3E678C95-E490-4B0B-A77B-B417F0C5E84E}.Debug|Any CPU.ActiveCfg = Debug|Any CPU
		{3E678C95-E490-4B0B-A77B-B417F0C5E84E}.Debug|Any CPU.Build.0 = Debug|Any CPU
		{3E678C95-E490-4B0B-A77B-B417F0C5E84E}.Release|Any CPU.ActiveCfg = Release|Any CPU
		{3E678C95-E490-4B0B-A77B-B417F0C5E84E}.Release|Any CPU.Build.0 = Release|Any CPU
		{F62E76B0-6CF8-4C60-8221-1E69067EE5CD}.Debug|Any CPU.ActiveCfg = Debug|Any CPU
		{F62E76B0-6CF8-4C60-8221-1E69067EE5CD}.Debug|Any CPU.Build.0 = Debug|Any CPU
		{F62E76B0-6CF8-4C60-8221-1E69067EE5CD}.Release|Any CPU.ActiveCfg = Release|Any CPU
		{F62E76B0-6CF8-4C60-8221-1E69067EE5CD}.Release|Any CPU.Build.0 = Release|Any CPU
	EndGlobalSection
EndGlobal
